
Microsoft Visual Studio Solution File, Format Version 12.00
# Visual Studio Version 16
VisualStudioVersion = 16.0.31019.35
MinimumVisualStudioVersion = 10.0.40219.1
Project("{FAE04EC0-301F-11D3-BF4B-00C04F79EFBC}") = "ExcelToXML", "ExcelToXML\ExcelToXML.csproj", "{62B79F32-7D0F-4E34-98B3-1F0F6CC26018}"
EndProject
Global
	GlobalSection(SolutionConfigurationPlatforms) = preSolution
		Debug|Any CPU = Debug|Any CPU
		Release|Any CPU = Release|Any CPU
	EndGlobalSection
	GlobalSection(ProjectConfigurationPlatforms) = postSolution
		{62B79F32-7D0F-4E34-98B3-1F0F6CC26018}.Debug|Any CPU.ActiveCfg = Debug|Any CPU
		{62B79F32-7D0F-4E34-98B3-1F0F6CC26018}.Debug|Any CPU.Build.0 = Debug|Any CPU
		{62B79F32-7D0F-4E34-98B3-1F0F6CC26018}.Release|Any CPU.ActiveCfg = Release|Any CPU
		{62B79F32-7D0F-4E34-98B3-1F0F6CC26018}.Release|Any CPU.Build.0 = Release|Any CPU
	EndGlobalSection
	GlobalSection(SolutionProperties) = preSolution
		HideSolutionNode = FALSE
	EndGlobalSection
	GlobalSection(ExtensibilityGlobals) = postSolution
		SolutionGuid = {2562606A-89BC-4C23-8C58-A6C0C462F637}
	EndGlobalSection
EndGlobal
